{
  "nodes": {
    "nixpkgs": {
      "locked": {
        "lastModified": 1721138476,
        "narHash": "sha256-+W5eZOhhemLQxelojLxETfbFbc19NWawsXBlapYpqIA=",
        "owner": "nixos",
        "repo": "nixpkgs",
        "rev": "ad0b5eed1b6031efaed382844806550c3dcb4206",
        "type": "github"
      },
      "original": {
        "owner": "nixos",
        "ref": "nixos-unstable",
        "repo": "nixpkgs",
        "type": "github"
      }
    },
    "nixstable": {
      "locked": {
        "lastModified": 1720535198,
        "narHash": "sha256-zwVvxrdIzralnSbcpghA92tWu2DV2lwv89xZc8MTrbg=",
        "owner": "nixos",
        "repo": "nixpkgs",
        "rev": "205fd4226592cc83fd4c0885a3e4c9c400efabb5",
        "type": "github"
      },
      "original": {
        "owner": "nixos",
        "ref": "nixos-23.11",
        "repo": "nixpkgs",
        "type": "github"
      }
    },
    "root": {
      "inputs": {
        "nixpkgs": "nixpkgs",
        "nixstable": "nixstable"
      }
    }
  },
  "root": "root",
  "version": 7
}
